
Microsoft Visual Studio Solution File, Format Version 12.00
# Visual Studio Version 17
VisualStudioVersion = 17.5.002.0
MinimumVisualStudioVersion = 10.0.40219.1
Project("{9A19103F-16F7-4668-BE54-9A1E7A4F7556}") = "microservfinanceiro", "microservfinanceiro\microservfinanceiro.csproj", "{5DBD4C54-2373-420A-8375-53128D658D73}"
EndProject
Global
	GlobalSection(SolutionConfigurationPlatforms) = preSolution
		Debug|Any CPU = Debug|Any CPU
		Release|Any CPU = Release|Any CPU
	EndGlobalSection
	GlobalSection(ProjectConfigurationPlatforms) = postSolution
		{5DBD4C54-2373-420A-8375-53128D658D73}.Debug|Any CPU.ActiveCfg = Debug|Any CPU
		{5DBD4C54-2373-420A-8375-53128D658D73}.Debug|Any CPU.Build.0 = Debug|Any CPU
		{5DBD4C54-2373-420A-8375-53128D658D73}.Release|Any CPU.ActiveCfg = Release|Any CPU
		{5DBD4C54-2373-420A-8375-53128D658D73}.Release|Any CPU.Build.0 = Release|Any CPU
	EndGlobalSection
	GlobalSection(SolutionProperties) = preSolution
		HideSolutionNode = FALSE
	EndGlobalSection
	GlobalSection(ExtensibilityGlobals) = postSolution
		SolutionGuid = {27E0FEF0-84C9-44BD-8FEF-2A02F9F27DA9}
	EndGlobalSection
EndGlobal
